PODS:
  - ObjectMapper (3.4.2)
  - Starscream (3.0.6)

DEPENDENCIES:
  - ObjectMapper
  - Starscream

SPEC REPOS:
  https://github.com/cocoapods/specs.git:
    - ObjectMapper
    - Starscream

SPEC CHECKSUMS:
  ObjectMapper: 0d4402610f4e468903ae64629eec4784531e5c51
  Starscream: ef3ece99d765eeccb67de105bfa143f929026cf5

PODFILE CHECKSUM: a6cd7e826b42f697f92cb1ca35344eadf9b2d57c

COCOAPODS: 1.5.3
